
Microsoft Visual Studio Solution File, Format Version 12.00
# Visual Studio Version 17
VisualStudioVersion = 17.3.32922.545
MinimumVisualStudioVersion = 10.0.40219.1
Project("{FAE04EC0-301F-11D3-BF4B-00C04F79EFBC}") = "DialogsCreator", "DialogsCreator\DialogsCreator.csproj", "{F3535A5A-87BB-42B4-926E-744EDF09AECF}"
EndProject
Global
	GlobalSection(SolutionConfigurationPlatforms) = preSolution
		Debug|Any CPU = Debug|Any CPU
		Release|Any CPU = Release|Any CPU
	EndGlobalSection
	GlobalSection(ProjectConfigurationPlatforms) = postSolution
		{F3535A5A-87BB-42B4-926E-744EDF09AECF}.Debug|Any CPU.ActiveCfg = Debug|Any CPU
		{F3535A5A-87BB-42B4-926E-744EDF09AECF}.Debug|Any CPU.Build.0 = Debug|Any CPU
		{F3535A5A-87BB-42B4-926E-744EDF09AECF}.Release|Any CPU.ActiveCfg = Release|Any CPU
		{F3535A5A-87BB-42B4-926E-744EDF09AECF}.Release|Any CPU.Build.0 = Release|Any CPU
	EndGlobalSection
	GlobalSection(SolutionProperties) = preSolution
		HideSolutionNode = FALSE
	EndGlobalSection
	GlobalSection(ExtensibilityGlobals) = postSolution
		SolutionGuid = {4CF6193C-6C2B-438C-894F-FD176A041EBC}
	EndGlobalSection
EndGlobal
